
Microsoft Visual Studio Solution File, Format Version 11.00
# Visual Studio 2010
Project("{FAE04EC0-301F-11D3-BF4B-00C04F79EFBC}") = "Gameplan2", "Assembly-CSharp-firstpass.csproj", "{5D124A72-E61E-5DDD-44A9-6E2E48B585B5}"
EndProject
Project("{FAE04EC0-301F-11D3-BF4B-00C04F79EFBC}") = "Gameplan2", "Assembly-CSharp.csproj", "{BA50EAA2-1B0F-7116-467C-8C15D702A0F9}"
EndProject
Project("{FAE04EC0-301F-11D3-BF4B-00C04F79EFBC}") = "Gameplan2", "Assembly-CSharp-Editor-firstpass.csproj", "{F70C3F0B-137A-8E78-1D0C-39838302FD56}"
EndProject
Global
	GlobalSection(SolutionConfigurationPlatforms) = preSolution
		Debug|Any CPU = Debug|Any CPU
		Release|Any CPU = Release|Any CPU
	EndGlobalSection
	GlobalSection(ProjectConfigurationPlatforms) = postSolution
		{5D124A72-E61E-5DDD-44A9-6E2E48B585B5}.Debug|Any CPU.ActiveCfg = Debug|Any CPU
		{5D124A72-E61E-5DDD-44A9-6E2E48B585B5}.Debug|Any CPU.Build.0 = Debug|Any CPU
		{5D124A72-E61E-5DDD-44A9-6E2E48B585B5}.Release|Any CPU.ActiveCfg = Release|Any CPU
		{5D124A72-E61E-5DDD-44A9-6E2E48B585B5}.Release|Any CPU.Build.0 = Release|Any CPU
		{BA50EAA2-1B0F-7116-467C-8C15D702A0F9}.Debug|Any CPU.ActiveCfg = Debug|Any CPU
		{BA50EAA2-1B0F-7116-467C-8C15D702A0F9}.Debug|Any CPU.Build.0 = Debug|Any CPU
		{BA50EAA2-1B0F-7116-467C-8C15D702A0F9}.Release|Any CPU.ActiveCfg = Release|Any CPU
		{BA50EAA2-1B0F-7116-467C-8C15D702A0F9}.Release|Any CPU.Build.0 = Release|Any CPU
		{F70C3F0B-137A-8E78-1D0C-39838302FD56}.Debug|Any CPU.ActiveCfg = Debug|Any CPU
		{F70C3F0B-137A-8E78-1D0C-39838302FD56}.Debug|Any CPU.Build.0 = Debug|Any CPU
		{F70C3F0B-137A-8E78-1D0C-39838302FD56}.Release|Any CPU.ActiveCfg = Release|Any CPU
		{F70C3F0B-137A-8E78-1D0C-39838302FD56}.Release|Any CPU.Build.0 = Release|Any CPU
	EndGlobalSection
	GlobalSection(SolutionProperties) = preSolution
		HideSolutionNode = FALSE
	EndGlobalSection
	GlobalSection(MonoDevelopProperties) = preSolution
		StartupItem = Assembly-CSharp.csproj
	EndGlobalSection
EndGlobal
